
Microsoft Visual Studio Solution File, Format Version 12.00
# Visual Studio Version 16
VisualStudioVersion = 16.0.33328.57
MinimumVisualStudioVersion = 10.0.40219.1
Project("{FAE04EC0-301F-11D3-BF4B-00C04F79EFBC}") = "FruitTree_Project", "FruitTree_Project\FruitTree_Project.csproj", "{2EC0E90C-794F-4999-980C-2C17CF4DE19B}"
EndProject
Global
	GlobalSection(SolutionConfigurationPlatforms) = preSolution
		Debug|Any CPU = Debug|Any CPU
		Release|Any CPU = Release|Any CPU
	EndGlobalSection
	GlobalSection(ProjectConfigurationPlatforms) = postSolution
		{2EC0E90C-794F-4999-980C-2C17CF4DE19B}.Debug|Any CPU.ActiveCfg = Debug|Any CPU
		{2EC0E90C-794F-4999-980C-2C17CF4DE19B}.Debug|Any CPU.Build.0 = Debug|Any CPU
		{2EC0E90C-794F-4999-980C-2C17CF4DE19B}.Release|Any CPU.ActiveCfg = Release|Any CPU
		{2EC0E90C-794F-4999-980C-2C17CF4DE19B}.Release|Any CPU.Build.0 = Release|Any CPU
	EndGlobalSection
	GlobalSection(SolutionProperties) = preSolution
		HideSolutionNode = FALSE
	EndGlobalSection
	GlobalSection(ExtensibilityGlobals) = postSolution
		SolutionGuid = {FCF3B43E-35ED-4909-B537-09A28B35CB2D}
	EndGlobalSection
EndGlobal
